github.com/golang/snappy v0.0.3 h1:fHPg5GQYlCeLIPB9BZqMVR5nR9A+IM5zcgeTdjMYmLA=
github.com/golang/snappy v0.0.3/go.mod h1:/XxbfmMg8lxefKM7IXC3fBNl/7bRcc72aCRzEWrmP2Q=
github.com/google/uuid v1.2.0 h1:qJYtXnJRWmpe7m/3XlyhrsLrEURqHRM2kxzoxXqyUDs=
github.com/google/uuid v1.2.0/go.mod h1:TIyPZe4MgqvfeYDBFedMoGGpEw/LqOeaOT+nhxU+yHo=
github.com/ipsn/go-adorable v1.0.0 h1:bIyOri2h+p3hIlxcgcGRI9yt1wQQlCo3LysIA7LQqqo=
github.com/ipsn/go-adorable v1.0.0/go.mod h1:7QZ95Q2rEvA2kdteyy/QxWO1D84NG7CFGVi3faM/Bos=
github.com/klauspost/compress v1.13.1 h1:wXr2uRxZTJXHLly6qhJabee5JqIhTRoLBhDOA74hDEQ=
github.com/klauspost/compress v1.13.1/go.mod h1:8dP1Hq4DHOhN9w426knH3Rhby4rFm6D8eO+e+Dq5Gzg=
github.com/lucasb-eyer/go-colorful v0.0.0-20181028223441-12d3b2882a08 h1:5MnxBC15uMxFv5FY/J/8vzyaBiArCOkMdFT9Jsw78iY=
github.com/lucasb-eyer/go-colorful v0.0.0-20181028223441-12d3b2882a08/go.mod h1:NXg0ArsFk0Y01623LgUqoqcouGDB+PwCCQlrwrG6xJ4=
github.com/wybiral/torgo v0.0.0-20201209223426-5fd9910eab31 h1:SwsJDiOttfoLuvW5f8Lhv0L+pDtLoEss0S9ZwJleGMU=
github.com/wybiral/torgo v0.0.0-20201209223426-5fd9910eab31/go.mod h1:LAhGyZRjuXZ/+uO4tqc5QV26hkdIo+yGHPfX1aubR0M=
golang.org/x/crypto v0.0.0-20190308221718-c2843e01d9a2/go.mod h1:djNgcEr1/C05ACkg1iLfiJU5Ep61QUkGW8qpdssI0+w=
golang.org/x/crypto v0.0.0-20210421170649-83a5a9bb288b h1:7mWr3k41Qtv8XlltBkDkl8LoP3mpSgBW8BUoxtEdbXg=
golang.org/x/crypto v0.0.0-20210421170649-83a5a9bb288b/go.mod h1:T9bdIzuCu7OtxOm1hfPfRQxPLYneinmdGuTeoZ9dtd4=
golang.org/x/net v0.0.0-20210226172049-e18ecbb05110/go.mod h1:m0MpNAwzfU5UDzcl9v0D8zg8gWTRqZa9RBIspLL5mdg=
golang.org/x/net v0.0.0-20210423184538-5f58ad60dda6 h1:0PC75Fz/kyMGhL0e1QnypqK2kQMqKt9csD1GnMJR+Zk=
golang.org/x/net v0.0.0-20210423184538-5f58ad60dda6/go.mod h1:OJAsFXCWl8Ukc7SiCT/9KSuxbyM7479/AVlXFRxuMCk=
golang.org/x/sync v0.0.0-20210220032951-036812b2e83c h1:5KslGYwFpkhGh+Q16bwMP3cOontH8FOep7tGV86Y7SQ=
golang.org/x/sync v0.0.0-20210220032951-036812b2e83c/go.mod h1:RxMgew5VJxzue5/jJTE5uejpjVlOe/izrB70Jof72aM=
golang.org/x/sys v0.0.0-20190215142949-d0b11bdaac8a/go.mod h1:STP8DvDyc/dI5b8T5hshtkjS+E42TnysNCUPdjciGhY=
golang.org/x/sys v0.0.0-20190309122539-980fc434d28e/go.mod h1:h1NjWce9XRLGQEsW7wpKNCjG9DtNlClVuFLEZdDNbEs=
golang.org/x/sys v0.0.0-20201119102817-f84b799fce68/go.mod h1:h1NjWce9XRLGQEsW7wpKNCjG9DtNlClVuFLEZdDNbEs=
golang.org/x/sys v0.0.0-20210423082822-04245dca01da/go.mod h1:h1NjWce9XRLGQEsW7wpKNCjG9DtNlClVuFLEZdDNbEs=
golang.org/x/sys v0.0.0-20210426230700-d19ff857e887 h1:dXfMednGJh/SUUFjTLsWJz3P+TQt9qnR11GgeI3vWKs=
golang.org/x/sys v0.0.0-20210426230700-d19ff857e887/go.mod h1:h1NjWce9XRLGQEsW7wpKNCjG9DtNlClVuFLEZdDNbEs=
golang.org/x/term v0.0.0-20201126162022-7de9c90e9dd1/go.mod h1:bj7SfCRtBDWHUb9snDiAeCFNEtKQo2Wmx5Cou7ajbmo=
golang.org/x/text v0.3.3/go.mod h1:5Zoc/QRtKVWzQhOtBMvqHzDpF6irO9z98xDceosuGiQ=
golang.org/x/text v0.3.6/go.mod h1:5Zoc/QRtKVWzQhOtBMvqHzDpF6irO9z98xDceosuGiQ=
golang.org/x/tools v0.0.0-20180917221912-90fa682c2a6e/go.mod h1:n7NCudcB/nEzxVGmLbDWY5pfWTLqBcC2KZ6jyYvM4mQ=
